
Microsoft Visual Studio Solution File, Format Version 12.00
# Visual Studio Version 17
VisualStudioVersion = 17.9.34607.119
MinimumVisualStudioVersion = 10.0.40219.1
Project("{888888A0-9F3D-457C-B088-3A5042F75D52}") = "adaptive-nn", "adaptive-nn.pyproj", "{0C2FC617-6706-482B-A69A-C16961374CC8}"
EndProject
Global
	GlobalSection(SolutionConfigurationPlatforms) = preSolution
		Debug|Any CPU = Debug|Any CPU
		Release|Any CPU = Release|Any CPU
	EndGlobalSection
	GlobalSection(ProjectConfigurationPlatforms) = postSolution
		{0C2FC617-6706-482B-A69A-C16961374CC8}.Debug|Any CPU.ActiveCfg = Debug|Any CPU
		{0C2FC617-6706-482B-A69A-C16961374CC8}.Release|Any CPU.ActiveCfg = Release|Any CPU
	EndGlobalSection
	GlobalSection(SolutionProperties) = preSolution
		HideSolutionNode = FALSE
	EndGlobalSection
	GlobalSection(ExtensibilityGlobals) = postSolution
		SolutionGuid = {74E53A8F-2EA6-4693-9859-D8486F2B0371}
	EndGlobalSection
EndGlobal
